
Microsoft Visual Studio Solution File, Format Version 12.00
# Visual Studio Version 17
VisualStudioVersion = 17.0.32112.339
MinimumVisualStudioVersion = 10.0.40219.1
Project("{FAE04EC0-301F-11D3-BF4B-00C04F79EFBC}") = "simpleexample", "simpleexample\simpleexample.csproj", "{1B5938A2-11A3-4B90-952C-30D0D4B62E56}"
EndProject
Global
	GlobalSection(SolutionConfigurationPlatforms) = preSolution
		Debug|Any CPU = Debug|Any CPU
		Release|Any CPU = Release|Any CPU
	EndGlobalSection
	GlobalSection(ProjectConfigurationPlatforms) = postSolution
		{1B5938A2-11A3-4B90-952C-30D0D4B62E56}.Debug|Any CPU.ActiveCfg = Debug|Any CPU
		{1B5938A2-11A3-4B90-952C-30D0D4B62E56}.Debug|Any CPU.Build.0 = Debug|Any CPU
		{1B5938A2-11A3-4B90-952C-30D0D4B62E56}.Release|Any CPU.ActiveCfg = Release|Any CPU
		{1B5938A2-11A3-4B90-952C-30D0D4B62E56}.Release|Any CPU.Build.0 = Release|Any CPU
	EndGlobalSection
	GlobalSection(SolutionProperties) = preSolution
		HideSolutionNode = FALSE
	EndGlobalSection
	GlobalSection(ExtensibilityGlobals) = postSolution
		SolutionGuid = {F9255F5A-B4DC-45B0-91FF-562703806200}
	EndGlobalSection
EndGlobal
